{
  "requires": true,
  "lockfileVersion": 1,
  "dependencies": {
    "@types/jquery": {
      "version": "3.3.13",
      "resolved": "https://registry.npmjs.org/@types/jquery/-/jquery-3.3.13.tgz",
      "integrity": "sha512-jXHKq6iTh+HWOsOIwKwcRUqMojZhe4ngggyIlRG+rZIqxUpHv1vQbe5b5hm4eTw2CoX02AZrryJGcSV6ux9EKw==",
      "requires": {
        "@types/sizzle": "*"
      }
    },
    "@types/sizzle": {
      "version": "2.3.2",
      "resolved": "https://registry.npmjs.org/@types/sizzle/-/sizzle-2.3.2.tgz",
      "integrity": "sha512-7EJYyKTL7tFR8+gDbB6Wwz/arpGa0Mywk1TJbNzKzHtzbwVmY4HR9WqS5VV7dsBUKQmPNr192jHr/VpBluj/hg=="
    }
  }
}
